github.com/minerofish/go-hl7 v0.0.8 h1:mzsQjWagon/O9eQzfUxn1Kb5EPfRAJdDoN9lmioS6J8=
github.com/minerofish/go-hl7 v0.0.8/go.mod h1:+WJAFwXJ+lZAZAKxsDKibcC/tZmN54OLuj/Ln8l5e6Y=
golang.org/x/text v0.3.7 h1:olpwvP2KacW1ZWvsR7uQhoyTYvKAupfQrRGBFM352Gk=
golang.org/x/text v0.3.7/go.mod h1:u+2+/6zg+i71rQMx5EYifcz6MCKuco9NR6JIITiCfzQ=
